github.com/DATA-DOG/go-sqlmock v1.5.1-0.20211201094100-699dcdfa20ba/go.mod h1:88MAG/4G7SMwSE3CeA0ZKzrT5CiOU3OJ+JlNzwDqpNU=
github.com/afex/hystrix-go v0.0.0-20180502004556-fa1af6a1f4f5/go.mod h1:SkGFH1ia65gfNATL8TAiHDNxPzPdmEL5uirI2Uyuz6c=
github.com/davecgh/go-spew v1.1.0/go.mod h1:J7Y8YcW2NihsgmVo/mv3lAwl/skON4iLHjSsI+c5H38=
github.com/davecgh/go-spew v1.1.1/go.mod h1:J7Y8YcW2NihsgmVo/mv3lAwl/skON4iLHjSsI+c5H38=
github.com/davecgh/go-spew v1.1.2-0.20180830191138-d8f796af33cc h1:U9qPSI2PIWSS1VwoXQT9A3Wy9MM3WgvqSxFWenqJduM=
github.com/davecgh/go-spew v1.1.2-0.20180830191138-d8f796af33cc/go.mod h1:J7Y8YcW2NihsgmVo/mv3lAwl/skON4iLHjSsI+c5H38=
github.com/go-sql-driver/mysql v1.6.1-0.20210825083250-6cf3092b0e12 h1:AeNcYZz/XJwtic12N/AWiW8zpfKtd9iet/L+NYenRGw=
github.com/go-sql-driver/mysql v1.6.1-0.20210825083250-6cf3092b0e12/go.mod h1:OXbVy3sEdcQ2Doequ6Z5BW6fXNQTmx+9S1MCJN5yJMI=
github.com/gorilla/mux v1.8.1-0.20211212162904-91708ff8e35b h1:ePmxRvDFIGs+gGMwjdNcPeJs36TxezpcV9G/kA6o+5M=
github.com/gorilla/mux v1.8.1-0.20211212162904-91708ff8e35b/go.mod h1:DVbg23sWSpFRCP0SfiEN6jmj59UnW/n46BH5rLB71So=
github.com/jinzhu/gorm v1.9.16 h1:+IyIjPEABKRpsu/F8OvDPy9fyQlgsg2luMV2ZIH5i5o=
github.com/jinzhu/gorm v1.9.16/go.mod h1:G3LB3wezTOWM2ITLzPxEXgSkOXAntiLHS7UdBefADcs=
github.com/jinzhu/inflection v1.0.0/go.mod h1:h+uFLlag+Qp1Va5pdKtLDYj+kHp5pxUVkryuEj+Srlc=
github.com/jinzhu/inflection v1.0.1-0.20210111022912-b5281034e75e h1:g/g1C8PyhbiTobJGCEyPzAmswdS1AczWrsWoS4GS1y4=
github.com/jinzhu/inflection v1.0.1-0.20210111022912-b5281034e75e/go.mod h1:lcrn0jrToZnZxiaoiYlmxfr1DnDQn86NkcbmyrP7m5w=
github.com/jinzhu/now v1.1.3 h1:PlHq1bSCSZL9K0wUhbm2pGLoTWs2GwVhsP6emvGV/ZI=
github.com/jinzhu/now v1.1.3/go.mod h1:d3SSVoowX0Lcu0IBviAWJpolVfI5UJVZZ7cO71lE/z8=
github.com/kisielk/sqlstruct v0.0.0-20201105191214-5f3e10d3ab46/go.mod h1:yyMNCyc/Ib3bDTKd379tNMpB/7/H5TjM2Y9QJ5THLbE=
github.com/pmezard/go-difflib v1.0.0/go.mod h1:iKH77koFhYxTK1pcRnkKkqfTogsbg7gZNVY4sRDYZ/4=
github.com/pmezard/go-difflib v1.0.1-0.20181226105442-5d4384ee4fb2 h1:Jamvg5psRIccs7FGNTlIRMkT8wgtp5eCXdBlqhYGL6U=
github.com/pmezard/go-difflib v1.0.1-0.20181226105442-5d4384ee4fb2/go.mod h1:iKH77koFhYxTK1pcRnkKkqfTogsbg7gZNVY4sRDYZ/4=
github.com/robfig/cron v1.2.0 h1:ZjScXvvxeQ63Dbyxy76Fj3AT3Ut0aKsyd2/tl3DTMuQ=
github.com/robfig/cron v1.2.0/go.mod h1:JGuDeoQd7Z6yL4zQhZ3OPEVHB7fL6Ka6skscFHfmt2k=
github.com/stretchr/objx v0.1.0/go.mod h1:HFkY916IF+rwdDfMAkV7OtwuqBVzrE8GR6GFx+wExME=
github.com/stretchr/objx v0.3.1-0.20210819104457-27373ced0947 h1:u7Kpmca1iJ3Db0xJ3pUQdcA/oNzCG6lV0XplE5/DbBQ=
github.com/stretchr/objx v0.3.1-0.20210819104457-27373ced0947/go.mod h1:wyAdFbAFlfkWmVDLL6BSXeItKqQdi/sqlT0kIPJSPno=
github.com/stretchr/testify v1.7.0/go.mod h1:6Fq8oRcR53rry900zMqJjRRixrwX3KX962/h/Wwjteg=
github.com/stretchr/testify v1.7.1-0.20210824115523-ab6dc3262822 h1:pIU41i94FHtbh//ijmB0WYWGN8l7lCoMaOPcq/T9Vdc=
github.com/stretchr/testify v1.7.1-0.20210824115523-ab6dc3262822/go.mod h1:6Fq8oRcR53rry900zMqJjRRixrwX3KX962/h/Wwjteg=
github.com/tylerb/graceful v1.2.16-0.20170221171003-d72b0151351a h1:9bPb6va517kowADNxoHWF4MFvGsre8h0oV9eK+v4HU0=
github.com/tylerb/graceful v1.2.16-0.20170221171003-d72b0151351a/go.mod h1:LPYTbOYmUTdabwRt0TGhLllQ0MUNbs0Y5q1WXJOI9II=
gopkg.in/check.v1 v0.0.0-20161208181325-20d25e280405/go.mod h1:Co6ibVJAznAaIkqp8huTwlJQCZ016jof/cbN4VW5Yz0=
gopkg.in/yaml.v3 v3.0.0-20200313102051-9f266ea9e77c/go.mod h1:K4uyk7z7BCEPqu6E+C64Yfv1cQ7kz7rIZviUmN+EgEM=
gopkg.in/yaml.v3 v3.0.0-20210107192922-496545a6307b h1:h8qDotaEPuJATrMmW04NCwg7v22aHH28wwpauUhK9Oo=
gopkg.in/yaml.v3 v3.0.0-20210107192922-496545a6307b/go.mod h1:K4uyk7z7BCEPqu6E+C64Yfv1cQ7kz7rIZviUmN+EgEM=
gorm.io/gorm v1.22.4 h1:8aPcyEJhY0MAt8aY6Dc524Pn+pO29K+ydu+e/cXSpQM=
gorm.io/gorm v1.22.4/go.mod h1:1aeVC+pe9ZmvKZban/gW4QPra7PRoTEssyc922qCAkk=
